
Microsoft Visual Studio Solution File, Format Version 12.00
# Visual Studio Version 17
VisualStudioVersion = 17.1.32319.34
MinimumVisualStudioVersion = 10.0.40219.1
Project("{FAE04EC0-301F-11D3-BF4B-00C04F79EFBC}") = "AhuenniyChat", "AhuenniyChat.csproj", "{501745E7-5C07-47EB-A719-454BE0762E4A}"
EndProject
Global
	GlobalSection(SolutionConfigurationPlatforms) = preSolution
		Debug|Any CPU = Debug|Any CPU
		Release|Any CPU = Release|Any CPU
	EndGlobalSection
	GlobalSection(ProjectConfigurationPlatforms) = postSolution
		{501745E7-5C07-47EB-A719-454BE0762E4A}.Debug|Any CPU.ActiveCfg = Debug|Any CPU
		{501745E7-5C07-47EB-A719-454BE0762E4A}.Debug|Any CPU.Build.0 = Debug|Any CPU
		{501745E7-5C07-47EB-A719-454BE0762E4A}.Release|Any CPU.ActiveCfg = Release|Any CPU
		{501745E7-5C07-47EB-A719-454BE0762E4A}.Release|Any CPU.Build.0 = Release|Any CPU
	EndGlobalSection
	GlobalSection(SolutionProperties) = preSolution
		HideSolutionNode = FALSE
	EndGlobalSection
	GlobalSection(ExtensibilityGlobals) = postSolution
		SolutionGuid = {A6594A05-D968-47E9-BF54-DCE87D2C32AA}
	EndGlobalSection
EndGlobal
